
Microsoft Visual Studio Solution File, Format Version 12.00
# Visual Studio Version 16
VisualStudioVersion = 16.0.30104.148
MinimumVisualStudioVersion = 10.0.40219.1
Project("{8BC9CEB8-8B4A-11D0-8D11-00A0C91BC942}") = "MyCppDll", "MyCppDll.vcxproj", "{6330AEF3-11F0-4C9E-BE3D-151F84AEA385}"
EndProject
Global
	GlobalSection(SolutionConfigurationPlatforms) = preSolution
		Debug|x64 = Debug|x64
		Debug|x86 = Debug|x86
		Release|x64 = Release|x64
		Release|x86 = Release|x86
	EndGlobalSection
	GlobalSection(ProjectConfigurationPlatforms) = postSolution
		{6330AEF3-11F0-4C9E-BE3D-151F84AEA385}.Debug|x64.ActiveCfg = Debug|x64
		{6330AEF3-11F0-4C9E-BE3D-151F84AEA385}.Debug|x64.Build.0 = Debug|x64
		{6330AEF3-11F0-4C9E-BE3D-151F84AEA385}.Debug|x86.ActiveCfg = Debug|Win32
		{6330AEF3-11F0-4C9E-BE3D-151F84AEA385}.Debug|x86.Build.0 = Debug|Win32
		{6330AEF3-11F0-4C9E-BE3D-151F84AEA385}.Release|x64.ActiveCfg = Release|x64
		{6330AEF3-11F0-4C9E-BE3D-151F84AEA385}.Release|x64.Build.0 = Release|x64
		{6330AEF3-11F0-4C9E-BE3D-151F84AEA385}.Release|x86.ActiveCfg = Release|Win32
		{6330AEF3-11F0-4C9E-BE3D-151F84AEA385}.Release|x86.Build.0 = Release|Win32
	EndGlobalSection
	GlobalSection(SolutionProperties) = preSolution
		HideSolutionNode = FALSE
	EndGlobalSection
	GlobalSection(ExtensibilityGlobals) = postSolution
		SolutionGuid = {5B775DD9-1D28-41F2-8313-2E0236E5D5AE}
	EndGlobalSection
EndGlobal
